
Microsoft Visual Studio Solution File, Format Version 12.00
# Visual Studio Version 17
VisualStudioVersion = 17.0.31919.166
MinimumVisualStudioVersion = 10.0.40219.1
Project("{FAE04EC0-301F-11D3-BF4B-00C04F79EFBC}") = "Akin_07022022_Eindtest_CSharp_Basis_en_Collections", "Akin_07022022_Eindtest_CSharp_Basis_en_Collections\Akin_07022022_Eindtest_CSharp_Basis_en_Collections.csproj", "{67F34180-5AA5-4CC4-8150-C0CEA41107A1}"
EndProject
Global
	GlobalSection(SolutionConfigurationPlatforms) = preSolution
		Debug|Any CPU = Debug|Any CPU
		Release|Any CPU = Release|Any CPU
	EndGlobalSection
	GlobalSection(ProjectConfigurationPlatforms) = postSolution
		{67F34180-5AA5-4CC4-8150-C0CEA41107A1}.Debug|Any CPU.ActiveCfg = Debug|Any CPU
		{67F34180-5AA5-4CC4-8150-C0CEA41107A1}.Debug|Any CPU.Build.0 = Debug|Any CPU
		{67F34180-5AA5-4CC4-8150-C0CEA41107A1}.Release|Any CPU.ActiveCfg = Release|Any CPU
		{67F34180-5AA5-4CC4-8150-C0CEA41107A1}.Release|Any CPU.Build.0 = Release|Any CPU
	EndGlobalSection
	GlobalSection(SolutionProperties) = preSolution
		HideSolutionNode = FALSE
	EndGlobalSection
	GlobalSection(ExtensibilityGlobals) = postSolution
		SolutionGuid = {6D5B24A9-AB73-4626-AAD3-943BEB4D6A0A}
	EndGlobalSection
EndGlobal
